Microsoft Visual Studio Solution File, Format Version 12.00
# Visual Studio 2013
VisualStudioVersion = 12.0.30110.0
MinimumVisualStudioVersion = 10.0.40219.1
Project("{FAE04EC0-301F-11D3-BF4B-00C04F79EFBC}") = "NetRunner.ExternalLibrary", "source\NetRunner.ExternalLibrary\NetRunner.ExternalLibrary.csproj", "{19D01E12-2663-4BD7-8D71-425BD4F1643C}"
EndProject
Project("{FAE04EC0-301F-11D3-BF4B-00C04F79EFBC}") = "NetRunner.Executable", "source\NetRunner.Executable\NetRunner.Executable.csproj", "{B76F3618-7D3B-4A34-B7B9-85F15B7F26F3}"
EndProject
Project("{FAE04EC0-301F-11D3-BF4B-00C04F79EFBC}") = "FitSample", "source\FitSample\FitSample.csproj", "{35FF772A-4163-433D-BA64-3F94381EF19E}"
EndProject
Project("{FAE04EC0-301F-11D3-BF4B-00C04F79EFBC}") = "NetRunner.Executable.Tests", "source\NetRunner.Executable.Tests\NetRunner.Executable.Tests.csproj", "{D1D07315-BEB3-4C28-BB46-2871100D6688}"
EndProject
Project("{FAE04EC0-301F-11D3-BF4B-00C04F79EFBC}") = "NetRunner.InternalTests", "source\NetRunner.InternalTests\NetRunner.InternalTests.csproj", "{50030B05-BB2E-4FDF-8F83-331E050E9A2F}"
EndProject
Global
	GlobalSection(SolutionConfigurationPlatforms) = preSolution
		Debug|Any CPU = Debug|Any CPU
		Release|Any CPU = Release|Any CPU
	EndGlobalSection
	GlobalSection(ProjectConfigurationPlatforms) = postSolution
		{19D01E12-2663-4BD7-8D71-425BD4F1643C}.Debug|Any CPU.ActiveCfg = Debug|Any CPU
		{19D01E12-2663-4BD7-8D71-425BD4F1643C}.Debug|Any CPU.Build.0 = Debug|Any CPU
		{19D01E12-2663-4BD7-8D71-425BD4F1643C}.Release|Any CPU.ActiveCfg = Release|Any CPU
		{19D01E12-2663-4BD7-8D71-425BD4F1643C}.Release|Any CPU.Build.0 = Release|Any CPU
		{B76F3618-7D3B-4A34-B7B9-85F15B7F26F3}.Debug|Any CPU.ActiveCfg = Debug|Any CPU
		{B76F3618-7D3B-4A34-B7B9-85F15B7F26F3}.Debug|Any CPU.Build.0 = Debug|Any CPU
		{B76F3618-7D3B-4A34-B7B9-85F15B7F26F3}.Release|Any CPU.ActiveCfg = Release|Any CPU
		{B76F3618-7D3B-4A34-B7B9-85F15B7F26F3}.Release|Any CPU.Build.0 = Release|Any CPU
		{35FF772A-4163-433D-BA64-3F94381EF19E}.Debug|Any CPU.ActiveCfg = Debug|Any CPU
		{35FF772A-4163-433D-BA64-3F94381EF19E}.Debug|Any CPU.Build.0 = Debug|Any CPU
		{35FF772A-4163-433D-BA64-3F94381EF19E}.Release|Any CPU.ActiveCfg = Release|Any CPU
		{35FF772A-4163-433D-BA64-3F94381EF19E}.Release|Any CPU.Build.0 = Release|Any CPU
		{D1D07315-BEB3-4C28-BB46-2871100D6688}.Debug|Any CPU.ActiveCfg = Debug|Any CPU
		{D1D07315-BEB3-4C28-BB46-2871100D6688}.Debug|Any CPU.Build.0 = Debug|Any CPU
		{D1D07315-BEB3-4C28-BB46-2871100D6688}.Release|Any CPU.ActiveCfg = Release|Any CPU
		{D1D07315-BEB3-4C28-BB46-2871100D6688}.Release|Any CPU.Build.0 = Release|Any CPU
		{50030B05-BB2E-4FDF-8F83-331E050E9A2F}.Debug|Any CPU.ActiveCfg = Debug|Any CPU
		{50030B05-BB2E-4FDF-8F83-331E050E9A2F}.Debug|Any CPU.Build.0 = Debug|Any CPU
		{50030B05-BB2E-4FDF-8F83-331E050E9A2F}.Release|Any CPU.ActiveCfg = Release|Any CPU
		{50030B05-BB2E-4FDF-8F83-331E050E9A2F}.Release|Any CPU.Build.0 = Release|Any CPU
	EndGlobalSection
	GlobalSection(SolutionProperties) = preSolution
		HideSolutionNode = FALSE
	EndGlobalSection
EndGlobal
